
Microsoft Visual Studio Solution File, Format Version 12.00
# Visual Studio Version 17
VisualStudioVersion = 17.5.002.0
MinimumVisualStudioVersion = 10.0.40219.1
Project("{9A19103F-16F7-4668-BE54-9A1E7A4F7556}") = "CollegeMonitor", "CollegeMonitor\CollegeMonitor.csproj", "{8DAB399C-2812-4D5B-A590-7E5E2ABFEEB0}"
EndProject
Global
	GlobalSection(SolutionConfigurationPlatforms) = preSolution
		Debug|Any CPU = Debug|Any CPU
		Release|Any CPU = Release|Any CPU
	EndGlobalSection
	GlobalSection(ProjectConfigurationPlatforms) = postSolution
		{8DAB399C-2812-4D5B-A590-7E5E2ABFEEB0}.Debug|Any CPU.ActiveCfg = Debug|Any CPU
		{8DAB399C-2812-4D5B-A590-7E5E2ABFEEB0}.Debug|Any CPU.Build.0 = Debug|Any CPU
		{8DAB399C-2812-4D5B-A590-7E5E2ABFEEB0}.Release|Any CPU.ActiveCfg = Release|Any CPU
		{8DAB399C-2812-4D5B-A590-7E5E2ABFEEB0}.Release|Any CPU.Build.0 = Release|Any CPU
	EndGlobalSection
	GlobalSection(SolutionProperties) = preSolution
		HideSolutionNode = FALSE
	EndGlobalSection
	GlobalSection(ExtensibilityGlobals) = postSolution
		SolutionGuid = {E281EA13-5B61-4B0B-A816-C82B178036C3}
	EndGlobalSection
EndGlobal
